
Microsoft Visual Studio Solution File, Format Version 12.00
# Visual Studio Version 17
VisualStudioVersion = 17.1.32421.90
MinimumVisualStudioVersion = 10.0.40219.1
Project("{FAE04EC0-301F-11D3-BF4B-00C04F79EFBC}") = "eForms-Demo-Project-3.Server", "eForms-Demo-Project-3\Server\eForms-Demo-Project-3.Server.csproj", "{64C8D5BE-841E-439C-8FDB-39BF84B0A58C}"
EndProject
Project("{FAE04EC0-301F-11D3-BF4B-00C04F79EFBC}") = "eForms-Demo-Project-3.Client", "eForms-Demo-Project-3\Client\eForms-Demo-Project-3.Client.csproj", "{3B90F275-9C2B-4CA1-8D5D-FAF08C7859B5}"
EndProject
Project("{FAE04EC0-301F-11D3-BF4B-00C04F79EFBC}") = "eForms-Demo-Project-3.Shared", "eForms-Demo-Project-3\Shared\eForms-Demo-Project-3.Shared.csproj", "{BF64F792-03E1-4D2D-A62D-A5BE508FC925}"
EndProject
Global
	GlobalSection(SolutionConfigurationPlatforms) = preSolution
		Debug|Any CPU = Debug|Any CPU
		Release|Any CPU = Release|Any CPU
	EndGlobalSection
	GlobalSection(ProjectConfigurationPlatforms) = postSolution
		{64C8D5BE-841E-439C-8FDB-39BF84B0A58C}.Debug|Any CPU.ActiveCfg = Debug|Any CPU
		{64C8D5BE-841E-439C-8FDB-39BF84B0A58C}.Debug|Any CPU.Build.0 = Debug|Any CPU
		{64C8D5BE-841E-439C-8FDB-39BF84B0A58C}.Release|Any CPU.ActiveCfg = Release|Any CPU
		{64C8D5BE-841E-439C-8FDB-39BF84B0A58C}.Release|Any CPU.Build.0 = Release|Any CPU
		{3B90F275-9C2B-4CA1-8D5D-FAF08C7859B5}.Debug|Any CPU.ActiveCfg = Debug|Any CPU
		{3B90F275-9C2B-4CA1-8D5D-FAF08C7859B5}.Debug|Any CPU.Build.0 = Debug|Any CPU
		{3B90F275-9C2B-4CA1-8D5D-FAF08C7859B5}.Release|Any CPU.ActiveCfg = Release|Any CPU
		{3B90F275-9C2B-4CA1-8D5D-FAF08C7859B5}.Release|Any CPU.Build.0 = Release|Any CPU
		{BF64F792-03E1-4D2D-A62D-A5BE508FC925}.Debug|Any CPU.ActiveCfg = Debug|Any CPU
		{BF64F792-03E1-4D2D-A62D-A5BE508FC925}.Debug|Any CPU.Build.0 = Debug|Any CPU
		{BF64F792-03E1-4D2D-A62D-A5BE508FC925}.Release|Any CPU.ActiveCfg = Release|Any CPU
		{BF64F792-03E1-4D2D-A62D-A5BE508FC925}.Release|Any CPU.Build.0 = Release|Any CPU
	EndGlobalSection
	GlobalSection(SolutionProperties) = preSolution
		HideSolutionNode = FALSE
	EndGlobalSection
	GlobalSection(ExtensibilityGlobals) = postSolution
		SolutionGuid = {EB764EAC-195B-4BB2-93D7-DBEA8D7AE264}
	EndGlobalSection
EndGlobal
